
Microsoft Visual Studio Solution File, Format Version 12.00
# Visual Studio Version 16
VisualStudioVersion = 16.0.29728.190
MinimumVisualStudioVersion = 10.0.40219.1
Project("{9A19103F-16F7-4668-BE54-9A1E7A4F7556}") = "GamesHub.Web", "GamesHub.Web\GamesHub.Web.csproj", "{7575C44B-081F-4FF4-8C62-89795C6D92A5}"
EndProject
Project("{9A19103F-16F7-4668-BE54-9A1E7A4F7556}") = "GamesHub.DataAccess.Contracts", "GamesHub.DataAccess.Contracts\GamesHub.DataAccess.Contracts.csproj", "{99D77BA2-52EE-482F-B770-30A9E59DAAF0}"
EndProject
Project("{9A19103F-16F7-4668-BE54-9A1E7A4F7556}") = "GamesHub.DataAccess.EntityFramework", "GamesHub.DataAccess.EntityFramework\GamesHub.DataAccess.EntityFramework.csproj", "{F41F5D11-8B7D-44F1-BF30-F19CB876E8F7}"
EndProject
Project("{9A19103F-16F7-4668-BE54-9A1E7A4F7556}") = "GamesHub.Business.Contracts", "GamesHub.Business.Contracts\GamesHub.Business.Contracts.csproj", "{4FA92552-7521-4765-82D4-7900436CEF92}"
EndProject
Project("{9A19103F-16F7-4668-BE54-9A1E7A4F7556}") = "GamesHub.Business", "GamesHub.Business\GamesHub.Business.csproj", "{F1180954-9AC3-48BC-BF79-B1C7E4B2F8A9}"
EndProject
Project("{9A19103F-16F7-4668-BE54-9A1E7A4F7556}") = "GamesHub.GamesProvider.Contracts", "GamesHub.GamesProvider.Contracts\GamesHub.GamesProvider.Contracts.csproj", "{705559CC-5EAD-4AAA-9FD8-60C0EBD84796}"
EndProject
Project("{9A19103F-16F7-4668-BE54-9A1E7A4F7556}") = "GamesHub.GamesProvider", "GamesHub.GamesProvider\GamesHub.GamesProvider.csproj", "{468A5EE6-958F-4FB9-872A-ABCB116D4DF5}"
EndProject
Global
	GlobalSection(SolutionConfigurationPlatforms) = preSolution
		Debug|Any CPU = Debug|Any CPU
		Release|Any CPU = Release|Any CPU
	EndGlobalSection
	GlobalSection(ProjectConfigurationPlatforms) = postSolution
		{7575C44B-081F-4FF4-8C62-89795C6D92A5}.Debug|Any CPU.ActiveCfg = Debug|Any CPU
		{7575C44B-081F-4FF4-8C62-89795C6D92A5}.Debug|Any CPU.Build.0 = Debug|Any CPU
		{7575C44B-081F-4FF4-8C62-89795C6D92A5}.Release|Any CPU.ActiveCfg = Release|Any CPU
		{7575C44B-081F-4FF4-8C62-89795C6D92A5}.Release|Any CPU.Build.0 = Release|Any CPU
		{99D77BA2-52EE-482F-B770-30A9E59DAAF0}.Debug|Any CPU.ActiveCfg = Debug|Any CPU
		{99D77BA2-52EE-482F-B770-30A9E59DAAF0}.Debug|Any CPU.Build.0 = Debug|Any CPU
		{99D77BA2-52EE-482F-B770-30A9E59DAAF0}.Release|Any CPU.ActiveCfg = Release|Any CPU
		{99D77BA2-52EE-482F-B770-30A9E59DAAF0}.Release|Any CPU.Build.0 = Release|Any CPU
		{F41F5D11-8B7D-44F1-BF30-F19CB876E8F7}.Debug|Any CPU.ActiveCfg = Debug|Any CPU
		{F41F5D11-8B7D-44F1-BF30-F19CB876E8F7}.Debug|Any CPU.Build.0 = Debug|Any CPU
		{F41F5D11-8B7D-44F1-BF30-F19CB876E8F7}.Release|Any CPU.ActiveCfg = Release|Any CPU
		{F41F5D11-8B7D-44F1-BF30-F19CB876E8F7}.Release|Any CPU.Build.0 = Release|Any CPU
		{4FA92552-7521-4765-82D4-7900436CEF92}.Debug|Any CPU.ActiveCfg = Debug|Any CPU
		{4FA92552-7521-4765-82D4-7900436CEF92}.Debug|Any CPU.Build.0 = Debug|Any CPU
		{4FA92552-7521-4765-82D4-7900436CEF92}.Release|Any CPU.ActiveCfg = Release|Any CPU
		{4FA92552-7521-4765-82D4-7900436CEF92}.Release|Any CPU.Build.0 = Release|Any CPU
		{F1180954-9AC3-48BC-BF79-B1C7E4B2F8A9}.Debug|Any CPU.ActiveCfg = Debug|Any CPU
		{F1180954-9AC3-48BC-BF79-B1C7E4B2F8A9}.Debug|Any CPU.Build.0 = Debug|Any CPU
		{F1180954-9AC3-48BC-BF79-B1C7E4B2F8A9}.Release|Any CPU.ActiveCfg = Release|Any CPU
		{F1180954-9AC3-48BC-BF79-B1C7E4B2F8A9}.Release|Any CPU.Build.0 = Release|Any CPU
		{705559CC-5EAD-4AAA-9FD8-60C0EBD84796}.Debug|Any CPU.ActiveCfg = Debug|Any CPU
		{705559CC-5EAD-4AAA-9FD8-60C0EBD84796}.Debug|Any CPU.Build.0 = Debug|Any CPU
		{705559CC-5EAD-4AAA-9FD8-60C0EBD84796}.Release|Any CPU.ActiveCfg = Release|Any CPU
		{705559CC-5EAD-4AAA-9FD8-60C0EBD84796}.Release|Any CPU.Build.0 = Release|Any CPU
		{468A5EE6-958F-4FB9-872A-ABCB116D4DF5}.Debug|Any CPU.ActiveCfg = Debug|Any CPU
		{468A5EE6-958F-4FB9-872A-ABCB116D4DF5}.Debug|Any CPU.Build.0 = Debug|Any CPU
		{468A5EE6-958F-4FB9-872A-ABCB116D4DF5}.Release|Any CPU.ActiveCfg = Release|Any CPU
		{468A5EE6-958F-4FB9-872A-ABCB116D4DF5}.Release|Any CPU.Build.0 = Release|Any CPU
	EndGlobalSection
	GlobalSection(SolutionProperties) = preSolution
		HideSolutionNode = FALSE
	EndGlobalSection
	GlobalSection(ExtensibilityGlobals) = postSolution
		SolutionGuid = {1B45721C-79B4-41C4-9EC6-886F60EC4124}
	EndGlobalSection
EndGlobal
