
Microsoft Visual Studio Solution File, Format Version 12.00
Project("{FAE04EC0-301F-11D3-BF4B-00C04F79EFBC}") = "GeekHub.BoardGames.BggProvider.Web", "GeekHub.BoardGames.BggProvider.Web\GeekHub.BoardGames.BggProvider.Web.csproj", "{84A38FC2-4171-4614-BACF-EA408DFE06BE}"
EndProject
Project("{FAE04EC0-301F-11D3-BF4B-00C04F79EFBC}") = "GeekHub.BoardGames.BggProvider.Domain", "GeekHub.BoardGames.BggProvider.Domain\GeekHub.BoardGames.BggProvider.Domain.csproj", "{A478625E-D834-470D-BD94-1831F1385F90}"
EndProject
Project("{FAE04EC0-301F-11D3-BF4B-00C04F79EFBC}") = "GeekHub.BoardGames.BggProvider.Domain.Tests", "GeekHub.BoardGames.BggProvider.Domain.Tests\GeekHub.BoardGames.BggProvider.Domain.Tests.csproj", "{39CE98CD-934B-49DB-9C44-E08ECFAC416E}"
EndProject
Global
	GlobalSection(SolutionConfigurationPlatforms) = preSolution
		Debug|Any CPU = Debug|Any CPU
		Release|Any CPU = Release|Any CPU
	EndGlobalSection
	GlobalSection(ProjectConfigurationPlatforms) = postSolution
		{84A38FC2-4171-4614-BACF-EA408DFE06BE}.Debug|Any CPU.ActiveCfg = Debug|Any CPU
		{84A38FC2-4171-4614-BACF-EA408DFE06BE}.Debug|Any CPU.Build.0 = Debug|Any CPU
		{84A38FC2-4171-4614-BACF-EA408DFE06BE}.Release|Any CPU.ActiveCfg = Release|Any CPU
		{84A38FC2-4171-4614-BACF-EA408DFE06BE}.Release|Any CPU.Build.0 = Release|Any CPU
		{A478625E-D834-470D-BD94-1831F1385F90}.Debug|Any CPU.ActiveCfg = Debug|Any CPU
		{A478625E-D834-470D-BD94-1831F1385F90}.Debug|Any CPU.Build.0 = Debug|Any CPU
		{A478625E-D834-470D-BD94-1831F1385F90}.Release|Any CPU.ActiveCfg = Release|Any CPU
		{A478625E-D834-470D-BD94-1831F1385F90}.Release|Any CPU.Build.0 = Release|Any CPU
		{39CE98CD-934B-49DB-9C44-E08ECFAC416E}.Debug|Any CPU.ActiveCfg = Debug|Any CPU
		{39CE98CD-934B-49DB-9C44-E08ECFAC416E}.Debug|Any CPU.Build.0 = Debug|Any CPU
		{39CE98CD-934B-49DB-9C44-E08ECFAC416E}.Release|Any CPU.ActiveCfg = Release|Any CPU
		{39CE98CD-934B-49DB-9C44-E08ECFAC416E}.Release|Any CPU.Build.0 = Release|Any CPU
	EndGlobalSection
EndGlobal
