
Microsoft Visual Studio Solution File, Format Version 12.00
Project("{FAE04EC0-301F-11D3-BF4B-00C04F79EFBC}") = "GeekHub.SteamProvider.Domain", "GeekHub.SteamProvider.Domain\GeekHub.SteamProvider.Domain.csproj", "{A5EFD1DB-F1A4-445C-B97C-527B0F556A30}"
EndProject
Project("{FAE04EC0-301F-11D3-BF4B-00C04F79EFBC}") = "GeekHub.SteamProvider.EntityFramework", "GeekHub.SteamProvider.EntityFramework\GeekHub.SteamProvider.EntityFramework.csproj", "{DB5F01F4-EE2E-4D10-9499-A262C9DBB971}"
EndProject
Project("{FAE04EC0-301F-11D3-BF4B-00C04F79EFBC}") = "GeekHub.SteamProvider.Web", "GeekHub.SteamProvider.Web\GeekHub.SteamProvider.Web.csproj", "{78829DAB-43B5-4119-AE32-91436017F5BC}"
EndProject
Project("{FAE04EC0-301F-11D3-BF4B-00C04F79EFBC}") = "GeekHub.SteamProvider.Web.Client", "GeekHub.SteamProvider.Web.Client\GeekHub.SteamProvider.Web.Client.csproj", "{99A53DF6-0EE4-4C0F-AA16-6CDCD6BF2EAA}"
EndProject
Project("{2150E333-8FDC-42A3-9474-1A3956D46DE8}") = "tests", "tests", "{5E365289-A9B5-47A9-A92A-060DA0C99FBB}"
EndProject
Project("{FAE04EC0-301F-11D3-BF4B-00C04F79EFBC}") = "GeekHub.SteamProvider.Domain.Tests", "GeekHub.SteamProvider.Domain.Tests\GeekHub.SteamProvider.Domain.Tests.csproj", "{C5715287-8531-44D1-9EF2-BFE66F838078}"
EndProject
Global
	GlobalSection(SolutionConfigurationPlatforms) = preSolution
		Debug|Any CPU = Debug|Any CPU
		Release|Any CPU = Release|Any CPU
	EndGlobalSection
	GlobalSection(ProjectConfigurationPlatforms) = postSolution
		{A5EFD1DB-F1A4-445C-B97C-527B0F556A30}.Debug|Any CPU.ActiveCfg = Debug|Any CPU
		{A5EFD1DB-F1A4-445C-B97C-527B0F556A30}.Debug|Any CPU.Build.0 = Debug|Any CPU
		{A5EFD1DB-F1A4-445C-B97C-527B0F556A30}.Release|Any CPU.ActiveCfg = Release|Any CPU
		{A5EFD1DB-F1A4-445C-B97C-527B0F556A30}.Release|Any CPU.Build.0 = Release|Any CPU
		{DB5F01F4-EE2E-4D10-9499-A262C9DBB971}.Debug|Any CPU.ActiveCfg = Debug|Any CPU
		{DB5F01F4-EE2E-4D10-9499-A262C9DBB971}.Debug|Any CPU.Build.0 = Debug|Any CPU
		{DB5F01F4-EE2E-4D10-9499-A262C9DBB971}.Release|Any CPU.ActiveCfg = Release|Any CPU
		{DB5F01F4-EE2E-4D10-9499-A262C9DBB971}.Release|Any CPU.Build.0 = Release|Any CPU
		{78829DAB-43B5-4119-AE32-91436017F5BC}.Debug|Any CPU.ActiveCfg = Debug|Any CPU
		{78829DAB-43B5-4119-AE32-91436017F5BC}.Debug|Any CPU.Build.0 = Debug|Any CPU
		{78829DAB-43B5-4119-AE32-91436017F5BC}.Release|Any CPU.ActiveCfg = Release|Any CPU
		{78829DAB-43B5-4119-AE32-91436017F5BC}.Release|Any CPU.Build.0 = Release|Any CPU
		{99A53DF6-0EE4-4C0F-AA16-6CDCD6BF2EAA}.Debug|Any CPU.ActiveCfg = Debug|Any CPU
		{99A53DF6-0EE4-4C0F-AA16-6CDCD6BF2EAA}.Debug|Any CPU.Build.0 = Debug|Any CPU
		{99A53DF6-0EE4-4C0F-AA16-6CDCD6BF2EAA}.Release|Any CPU.ActiveCfg = Release|Any CPU
		{99A53DF6-0EE4-4C0F-AA16-6CDCD6BF2EAA}.Release|Any CPU.Build.0 = Release|Any CPU
		{C5715287-8531-44D1-9EF2-BFE66F838078}.Debug|Any CPU.ActiveCfg = Debug|Any CPU
		{C5715287-8531-44D1-9EF2-BFE66F838078}.Debug|Any CPU.Build.0 = Debug|Any CPU
		{C5715287-8531-44D1-9EF2-BFE66F838078}.Release|Any CPU.ActiveCfg = Release|Any CPU
		{C5715287-8531-44D1-9EF2-BFE66F838078}.Release|Any CPU.Build.0 = Release|Any CPU
	EndGlobalSection
	GlobalSection(NestedProjects) = preSolution
		{C5715287-8531-44D1-9EF2-BFE66F838078} = {5E365289-A9B5-47A9-A92A-060DA0C99FBB}
	EndGlobalSection
EndGlobal
