
Microsoft Visual Studio Solution File, Format Version 12.00
Project("{FAE04EC0-301F-11D3-BF4B-00C04F79EFBC}") = "GeekHub.VideoGames.Domain", "GeekHub.VideoGames.Domain\GeekHub.VideoGames.Domain.csproj", "{0AB88C05-D1B6-449E-BBB4-C2957ADD691E}"
EndProject
Project("{FAE04EC0-301F-11D3-BF4B-00C04F79EFBC}") = "GeekHub.VideoGames.Web", "GeekHub.VideoGames.Web\GeekHub.VideoGames.Web.csproj", "{1A0FD013-263C-45CE-88F1-61E1B11858D7}"
EndProject
Project("{FAE04EC0-301F-11D3-BF4B-00C04F79EFBC}") = "GeekHub.VideoGames.EntityFramework", "GeekHub.VideoGames.EntityFramework\GeekHub.VideoGames.EntityFramework.csproj", "{E7FF0E12-3FEF-49D1-8030-BD9F4C562595}"
EndProject
Project("{2150E333-8FDC-42A3-9474-1A3956D46DE8}") = "tests", "tests", "{0633F592-C1B7-47B8-8EF1-069C4883F314}"
EndProject
Project("{FAE04EC0-301F-11D3-BF4B-00C04F79EFBC}") = "GeekHub.VideoGames.Domain.Tests", "GeekHub.VideoGames.Domain.Tests\GeekHub.VideoGames.Domain.Tests.csproj", "{6BFCBF14-5FAC-45F1-9491-339F4B9DDF2A}"
EndProject
Project("{FAE04EC0-301F-11D3-BF4B-00C04F79EFBC}") = "GeekHub.VideoGames.SteamAdapter", "GeekHub.VideoGames.SteamAdapter\GeekHub.VideoGames.SteamAdapter.csproj", "{6F8D723C-805A-46F9-9EE2-A93CEF34C586}"
EndProject
Project("{FAE04EC0-301F-11D3-BF4B-00C04F79EFBC}") = "GeekHub.VideoGames.Web.Client", "GeekHub.VideoGames.Web.Client\GeekHub.VideoGames.Web.Client.csproj", "{8C54809B-DD21-4CD8-80CF-1AE6F29FD739}"
EndProject
Global
	GlobalSection(SolutionConfigurationPlatforms) = preSolution
		Debug|Any CPU = Debug|Any CPU
		Release|Any CPU = Release|Any CPU
	EndGlobalSection
	GlobalSection(ProjectConfigurationPlatforms) = postSolution
		{0AB88C05-D1B6-449E-BBB4-C2957ADD691E}.Debug|Any CPU.ActiveCfg = Debug|Any CPU
		{0AB88C05-D1B6-449E-BBB4-C2957ADD691E}.Debug|Any CPU.Build.0 = Debug|Any CPU
		{0AB88C05-D1B6-449E-BBB4-C2957ADD691E}.Release|Any CPU.ActiveCfg = Release|Any CPU
		{0AB88C05-D1B6-449E-BBB4-C2957ADD691E}.Release|Any CPU.Build.0 = Release|Any CPU
		{1A0FD013-263C-45CE-88F1-61E1B11858D7}.Debug|Any CPU.ActiveCfg = Debug|Any CPU
		{1A0FD013-263C-45CE-88F1-61E1B11858D7}.Debug|Any CPU.Build.0 = Debug|Any CPU
		{1A0FD013-263C-45CE-88F1-61E1B11858D7}.Release|Any CPU.ActiveCfg = Release|Any CPU
		{1A0FD013-263C-45CE-88F1-61E1B11858D7}.Release|Any CPU.Build.0 = Release|Any CPU
		{E7FF0E12-3FEF-49D1-8030-BD9F4C562595}.Debug|Any CPU.ActiveCfg = Debug|Any CPU
		{E7FF0E12-3FEF-49D1-8030-BD9F4C562595}.Debug|Any CPU.Build.0 = Debug|Any CPU
		{E7FF0E12-3FEF-49D1-8030-BD9F4C562595}.Release|Any CPU.ActiveCfg = Release|Any CPU
		{E7FF0E12-3FEF-49D1-8030-BD9F4C562595}.Release|Any CPU.Build.0 = Release|Any CPU
		{6BFCBF14-5FAC-45F1-9491-339F4B9DDF2A}.Debug|Any CPU.ActiveCfg = Debug|Any CPU
		{6BFCBF14-5FAC-45F1-9491-339F4B9DDF2A}.Debug|Any CPU.Build.0 = Debug|Any CPU
		{6BFCBF14-5FAC-45F1-9491-339F4B9DDF2A}.Release|Any CPU.ActiveCfg = Release|Any CPU
		{6BFCBF14-5FAC-45F1-9491-339F4B9DDF2A}.Release|Any CPU.Build.0 = Release|Any CPU
		{6F8D723C-805A-46F9-9EE2-A93CEF34C586}.Debug|Any CPU.ActiveCfg = Debug|Any CPU
		{6F8D723C-805A-46F9-9EE2-A93CEF34C586}.Debug|Any CPU.Build.0 = Debug|Any CPU
		{6F8D723C-805A-46F9-9EE2-A93CEF34C586}.Release|Any CPU.ActiveCfg = Release|Any CPU
		{6F8D723C-805A-46F9-9EE2-A93CEF34C586}.Release|Any CPU.Build.0 = Release|Any CPU
		{8C54809B-DD21-4CD8-80CF-1AE6F29FD739}.Debug|Any CPU.ActiveCfg = Debug|Any CPU
		{8C54809B-DD21-4CD8-80CF-1AE6F29FD739}.Debug|Any CPU.Build.0 = Debug|Any CPU
		{8C54809B-DD21-4CD8-80CF-1AE6F29FD739}.Release|Any CPU.ActiveCfg = Release|Any CPU
		{8C54809B-DD21-4CD8-80CF-1AE6F29FD739}.Release|Any CPU.Build.0 = Release|Any CPU
	EndGlobalSection
	GlobalSection(NestedProjects) = preSolution
		{6BFCBF14-5FAC-45F1-9491-339F4B9DDF2A} = {0633F592-C1B7-47B8-8EF1-069C4883F314}
	EndGlobalSection
EndGlobal
